
Microsoft Visual Studio Solution File, Format Version 12.00
# Visual Studio Version 17
VisualStudioVersion = 17.5.33516.290
MinimumVisualStudioVersion = 10.0.40219.1
Project("{9A19103F-16F7-4668-BE54-9A1E7A4F7556}") = "ProducerApp", "ProducerApp\ProducerApp.csproj", "{E338A921-6E59-42BD-B191-BFE3D08CFA25}"
EndProject
Project("{9A19103F-16F7-4668-BE54-9A1E7A4F7556}") = "ConsumerApp", "ConsumerApp\ConsumerApp.csproj", "{58B80EDF-5B39-4D1D-A036-BC0AD8367128}"
EndProject
Project("{FAE04EC0-301F-11D3-BF4B-00C04F79EFBC}") = "ShartedLib", "ShartedLib\ShartedLib.csproj", "{ACF240E5-15AA-4EA0-88AD-F632409544A6}"
EndProject
Project("{2150E333-8FDC-42A3-9474-1A3956D46DE8}") = "Solution Items", "Solution Items", "{01CD563C-9B4A-499F-91B9-06E2325713D0}"
	ProjectSection(SolutionItems) = preProject
		README.md = README.md
	EndProjectSection
EndProject
Global
	GlobalSection(SolutionConfigurationPlatforms) = preSolution
		Debug|Any CPU = Debug|Any CPU
		Release|Any CPU = Release|Any CPU
	EndGlobalSection
	GlobalSection(ProjectConfigurationPlatforms) = postSolution
		{E338A921-6E59-42BD-B191-BFE3D08CFA25}.Debug|Any CPU.ActiveCfg = Debug|Any CPU
		{E338A921-6E59-42BD-B191-BFE3D08CFA25}.Debug|Any CPU.Build.0 = Debug|Any CPU
		{E338A921-6E59-42BD-B191-BFE3D08CFA25}.Release|Any CPU.ActiveCfg = Release|Any CPU
		{E338A921-6E59-42BD-B191-BFE3D08CFA25}.Release|Any CPU.Build.0 = Release|Any CPU
		{58B80EDF-5B39-4D1D-A036-BC0AD8367128}.Debug|Any CPU.ActiveCfg = Debug|Any CPU
		{58B80EDF-5B39-4D1D-A036-BC0AD8367128}.Debug|Any CPU.Build.0 = Debug|Any CPU
		{58B80EDF-5B39-4D1D-A036-BC0AD8367128}.Release|Any CPU.ActiveCfg = Release|Any CPU
		{58B80EDF-5B39-4D1D-A036-BC0AD8367128}.Release|Any CPU.Build.0 = Release|Any CPU
		{ACF240E5-15AA-4EA0-88AD-F632409544A6}.Debug|Any CPU.ActiveCfg = Debug|Any CPU
		{ACF240E5-15AA-4EA0-88AD-F632409544A6}.Debug|Any CPU.Build.0 = Debug|Any CPU
		{ACF240E5-15AA-4EA0-88AD-F632409544A6}.Release|Any CPU.ActiveCfg = Release|Any CPU
		{ACF240E5-15AA-4EA0-88AD-F632409544A6}.Release|Any CPU.Build.0 = Release|Any CPU
	EndGlobalSection
	GlobalSection(SolutionProperties) = preSolution
		HideSolutionNode = FALSE
	EndGlobalSection
	GlobalSection(ExtensibilityGlobals) = postSolution
		SolutionGuid = {F0FECC6D-F6F3-4AD1-8FD9-7A04527BC2D4}
	EndGlobalSection
EndGlobal
